
Microsoft Visual Studio Solution File, Format Version 12.00
# Visual Studio Version 16
VisualStudioVersion = 16.0.31702.278
MinimumVisualStudioVersion = 10.0.40219.1
Project("{888888A0-9F3D-457C-B088-3A5042F75D52}") = "5", "5\5.pyproj", "{C7F63D07-1C75-4566-814A-E0D9B496704E}"
EndProject
Global
	GlobalSection(SolutionConfigurationPlatforms) = preSolution
		Debug|Any CPU = Debug|Any CPU
		Release|Any CPU = Release|Any CPU
	EndGlobalSection
	GlobalSection(ProjectConfigurationPlatforms) = postSolution
		{C7F63D07-1C75-4566-814A-E0D9B496704E}.Debug|Any CPU.ActiveCfg = Debug|Any CPU
		{C7F63D07-1C75-4566-814A-E0D9B496704E}.Release|Any CPU.ActiveCfg = Release|Any CPU
	EndGlobalSection
	GlobalSection(SolutionProperties) = preSolution
		HideSolutionNode = FALSE
	EndGlobalSection
	GlobalSection(ExtensibilityGlobals) = postSolution
		SolutionGuid = {A836490C-0200-4A9D-AE4B-EAE3376FC751}
	EndGlobalSection
EndGlobal
